// !$*UTF8*$!
{
	archiveVersion = 1;
	classes = {
	};
	objectVersion = 46;
	objects = {

/* Begin PBXBuildFile section */
		84BD744E1D8CAE21003DCD17 /* AppDelegate.swift in Sources */ = {isa = PBXBuildFile; fileRef = 84BD744D1D8CAE21003DCD17 /* AppDelegate.swift */; };
		84BD74501D8CAE21003DCD17 /* ViewController.swift in Sources */ = {isa = PBXBuildFile; fileRef = 84BD744F1D8CAE21003DCD17 /* ViewController.swift */; };
		84BD74531D8CAE21003DCD17 /* Main.storyboard in Resources */ = {isa = PBXBuildFile; fileRef = 84BD74511D8CAE21003DCD17 /* Main.storyboard */; };
		84BD74561D8CAE21003DCD17 /* Restaurants.xcdatamodeld in Sources */ = {isa = PBXBuildFile; fileRef = 84BD74541D8CAE21003DCD17 /* Restaurants.xcdatamodeld */; };
		84BD74581D8CAE21003DCD17 /* Assets.xcassets in Resources */ = {isa = PBXBuildFile; fileRef = 84BD74571D8CAE21003DCD17 /* Assets.xcassets */; };
		84BD745B1D8CAE21003DCD17 /* LaunchScreen.storyboard in Resources */ = {isa = PBXBuildFile; fileRef = 84BD74591D8CAE21003DCD17 /* LaunchScreen.storyboard */; };
		84BD74671D8CB42F003DCD17 /* Controllers in Resources */ = {isa = PBXBuildFile; fileRef = 84BD74621D8CB42F003DCD17 /* Controllers */; };
		84BD74681D8CB42F003DCD17 /* Models in Resources */ = {isa = PBXBuildFile; fileRef = 84BD74631D8CB42F003DCD17 /* Models */; };
		84BD74691D8CB42F003DCD17 /* RowTableViewCell.swift in Sources */ = {isa = PBXBuildFile; fileRef = 84BD74641D8CB42F003DCD17 /* RowTableViewCell.swift */; };
		84BD746A1D8CB42F003DCD17 /* Services in Resources */ = {isa = PBXBuildFile; fileRef = 84BD74651D8CB42F003DCD17 /* Services */; };
		84BD746B1D8CB42F003DCD17 /* Views in Resources */ = {isa = PBXBuildFile; fileRef = 84BD74661D8CB42F003DCD17 /* Views */; };
		90E5CF3431D0513EA5415DFE /* Pods_Restaurants.framework in Frameworks */ = {isa = PBXBuildFile; fileRef = 403AA53D14C1C22491A36FB4 /* Pods_Restaurants.framework */; };
/* End PBXBuildFile section */

/* Begin PBXFileReference section */
		403AA53D14C1C22491A36FB4 /* Pods_Restaurants.framework */ = {isa = PBXFileReference; explicitFileType = wrapper.framework; includeInIndex = 0; path = Pods_Restaurants.framework; sourceTree = BUILT_PRODUCTS_DIR; };
		84BD744A1D8CAE21003DCD17 /* Restaurants.app */ = {isa = PBXFileReference; explicitFileType = wrapper.application; includeInIndex = 0; path = Restaurants.app; sourceTree = BUILT_PRODUCTS_DIR; };
		84BD744D1D8CAE21003DCD17 /* AppDelegate.swift */ = {isa = PBXFileReference; lastKnownFileType = sourcecode.swift; path = AppDelegate.swift; sourceTree = "<group>"; };
		84BD744F1D8CAE21003DCD17 /* ViewController.swift */ = {isa = PBXFileReference; lastKnownFileType = sourcecode.swift; path = ViewController.swift; sourceTree = "<group>"; };
		84BD74521D8CAE21003DCD17 /* Base */ = {isa = PBXFileReference; lastKnownFileType = file.storyboard; name = Base; path = Base.lproj/Main.storyboard; sourceTree = "<group>"; };
		84BD74551D8CAE21003DCD17 /* Restaurants.xcdatamodel */ = {isa = PBXFileReference; lastKnownFileType = wrapper.xcdatamodel; path = Restaurants.xcdatamodel; sourceTree = "<group>"; };
		84BD74571D8CAE21003DCD17 /* Assets.xcassets */ = {isa = PBXFileReference; lastKnownFileType = folder.assetcatalog; path = Assets.xcassets; sourceTree = "<group>"; };
		84BD745A1D8CAE21003DCD17 /* Base */ = {isa = PBXFileReference; lastKnownFileType = file.storyboard; name = Base; path = Base.lproj/LaunchScreen.storyboard; sourceTree = "<group>"; };
		84BD745C1D8CAE21003DCD17 /* Info.plist */ = {isa = PBXFileReference; lastKnownFileType = text.plist.xml; path = Info.plist; sourceTree = "<group>"; };
		84BD74621D8CB42F003DCD17 /* Controllers */ = {isa = PBXFileReference; lastKnownFileType = folder; path = Controllers; sourceTree = "<group>"; };
		84BD74631D8CB42F003DCD17 /* Models */ = {isa = PBXFileReference; lastKnownFileType = folder; path = Models; sourceTree = "<group>"; };
		84BD74641D8CB42F003DCD17 /* RowTableViewCell.swift */ = {isa = PBXFileReference; fileEncoding = 4; lastKnownFileType = sourcecode.swift; path = RowTableViewCell.swift; sourceTree = "<group>"; };
		84BD74651D8CB42F003DCD17 /* Services */ = {isa = PBXFileReference; lastKnownFileType = folder; path = Services; sourceTree = "<group>"; };
		84BD74661D8CB42F003DCD17 /* Views */ = {isa = PBXFileReference; lastKnownFileType = folder; path = Views; sourceTree = "<group>"; };
		9A4549BC5204830E19E62370 /* Pods-Restaurants.release.xcconfig */ = {isa = PBXFileReference; includeInIndex = 1; lastKnownFileType = text.xcconfig; name = "Pods-Restaurants.release.xcconfig"; path = "Pods/Target Support Files/Pods-Restaurants/Pods-Restaurants.release.xcconfig"; sourceTree = "<group>"; };
		E3C79BFDC74B26F1FA77F34A /* Pods-Restaurants.debug.xcconfig */ = {isa = PBXFileReference; includeInIndex = 1; lastKnownFileType = text.xcconfig; name = "Pods-Restaurants.debug.xcconfig"; path = "Pods/Target Support Files/Pods-Restaurants/Pods-Restaurants.debug.xcconfig"; sourceTree = "<group>"; };
/* End PBXFileReference section */

/* Begin PBXFrameworksBuildPhase section */
		84BD74471D8CAE21003DCD17 /* Frameworks */ = {
			isa = PBXFrameworksBuildPhase;
			buildActionMask = 2147483647;
			files = (
				90E5CF3431D0513EA5415DFE /* Pods_Restaurants.framework in Frameworks */,
			);
			runOnlyForDeploymentPostprocessing = 0;
		};
/* End PBXFrameworksBuildPhase section */

/* Begin PBXGroup section */
		42245BABE5BAAB13C959B651 /* Pods */ = {
			isa = PBXGroup;
			children = (
				E3C79BFDC74B26F1FA77F34A /* Pods-Restaurants.debug.xcconfig */,
				9A4549BC5204830E19E62370 /* Pods-Restaurants.release.xcconfig */,
			);
			name = Pods;
			sourceTree = "<group>";
		};
		84BD74411D8CAE21003DCD17 = {
			isa = PBXGroup;
			children = (
				84BD744C1D8CAE21003DCD17 /* Restaurants */,
				84BD744B1D8CAE21003DCD17 /* Products */,
				42245BABE5BAAB13C959B651 /* Pods */,
				C52A6A480C3788FD5427A4BF /* Frameworks */,
			);
			sourceTree = "<group>";
		};
		84BD744B1D8CAE21003DCD17 /* Products */ = {
			isa = PBXGroup;
			children = (
				84BD744A1D8CAE21003DCD17 /* Restaurants.app */,
			);
			name = Products;
			sourceTree = "<group>";
		};
		84BD744C1D8CAE21003DCD17 /* Restaurants */ = {
			isa = PBXGroup;
			children = (
				84BD74621D8CB42F003DCD17 /* Controllers */,
				84BD74631D8CB42F003DCD17 /* Models */,
				84BD74641D8CB42F003DCD17 /* RowTableViewCell.swift */,
				84BD74651D8CB42F003DCD17 /* Services */,
				84BD74661D8CB42F003DCD17 /* Views */,
				84BD744D1D8CAE21003DCD17 /* AppDelegate.swift */,
				84BD744F1D8CAE21003DCD17 /* ViewController.swift */,
				84BD74511D8CAE21003DCD17 /* Main.storyboard */,
				84BD74571D8CAE21003DCD17 /* Assets.xcassets */,
				84BD74591D8CAE21003DCD17 /* LaunchScreen.storyboard */,
				84BD745C1D8CAE21003DCD17 /* Info.plist */,
				84BD74541D8CAE21003DCD17 /* Restaurants.xcdatamodeld */,
			);
			path = Restaurants;
			sourceTree = "<group>";
		};
		C52A6A480C3788FD5427A4BF /* Frameworks */ = {
			isa = PBXGroup;
			children = (
				403AA53D14C1C22491A36FB4 /* Pods_Restaurants.framework */,
			);
			name = Frameworks;
			sourceTree = "<group>";
		};
/* End PBXGroup section */

/* Begin PBXNativeTarget section */
		84BD74491D8CAE21003DCD17 /* Restaurants */ = {
			isa = PBXNativeTarget;
			buildConfigurationList = 84BD745F1D8CAE21003DCD17 /* Build configuration list for PBXNativeTarget "Restaurants" */;
			buildPhases = (
				AAB8F5C79D0A9C51D962240C /* [CP] Check Pods Manifest.lock */,
				84BD74461D8CAE21003DCD17 /* Sources */,
				84BD74471D8CAE21003DCD17 /* Frameworks */,
				84BD74481D8CAE21003DCD17 /* Resources */,
				BB3366CF391488675FED315D /* [CP] Embed Pods Frameworks */,
				A896FB8049FDAD6E207F5AAC /* [CP] Copy Pods Resources */,
			);
			buildRules = (
			);
			dependencies = (
			);
			name = Restaurants;
			productName = Restaurants;
			productReference = 84BD744A1D8CAE21003DCD17 /* Restaurants.app */;
			productType = "com.apple.product-type.application";
		};
/* End PBXNativeTarget section */

/* Begin PBXProject section */
		84BD74421D8CAE21003DCD17 /* Project object */ = {
			isa = PBXProject;
			attributes = {
				LastSwiftUpdateCheck = 0730;
				LastUpgradeCheck = 0730;
				ORGANIZATIONNAME = Eafit;
				TargetAttributes = {
					84BD74491D8CAE21003DCD17 = {
						CreatedOnToolsVersion = 7.3.1;
					};
				};
			};
			buildConfigurationList = 84BD74451D8CAE21003DCD17 /* Build configuration list for PBXProject "Restaurants" */;
			compatibilityVersion = "Xcode 3.2";
			developmentRegion = English;
			hasScannedForEncodings = 0;
			knownRegions = (
				en,
				Base,
			);
			mainGroup = 84BD74411D8CAE21003DCD17;
			productRefGroup = 84BD744B1D8CAE21003DCD17 /* Products */;
			projectDirPath = "";
			projectRoot = "";
			targets = (
				84BD74491D8CAE21003DCD17 /* Restaurants */,
			);
		};
/* End PBXProject section */

/* Begin PBXResourcesBuildPhase section */
		84BD74481D8CAE21003DCD17 /* Resources */ = {
			isa = PBXResourcesBuildPhase;
			buildActionMask = 2147483647;
			files = (
				84BD746A1D8CB42F003DCD17 /* Services in Resources */,
				84BD74681D8CB42F003DCD17 /* Models in Resources */,
				84BD745B1D8CAE21003DCD17 /* LaunchScreen.storyboard in Resources */,
				84BD74581D8CAE21003DCD17 /* Assets.xcassets in Resources */,
				84BD74671D8CB42F003DCD17 /* Controllers in Resources */,
				84BD74531D8CAE21003DCD17 /* Main.storyboard in Resources */,
				84BD746B1D8CB42F003DCD17 /* Views in Resources */,
			);
			runOnlyForDeploymentPostprocessing = 0;
		};
/* End PBXResourcesBuildPhase section */

/* Begin PBXShellScriptBuildPhase section */
		A896FB8049FDAD6E207F5AAC /* [CP] Copy Pods Resources */ = {
			isa = PBXShellScriptBuildPhase;
			buildActionMask = 2147483647;
			files = (
			);
			inputPaths = (
			);
			name = "[CP] Copy Pods Resources";
			outputPaths = (
			);
			runOnlyForDeploymentPostprocessing = 0;
			shellPath = /bin/sh;
			shellScript = "\"${SRCROOT}/Pods/Target Support Files/Pods-Restaurants/Pods-Restaurants-resources.sh\"\n";
			showEnvVarsInLog = 0;
		};
		AAB8F5C79D0A9C51D962240C /* [CP] Check Pods Manifest.lock */ = {
			isa = PBXShellScriptBuildPhase;
			buildActionMask = 2147483647;
			files = (
			);
			inputPaths = (
			);
			name = "[CP] Check Pods Manifest.lock";
			outputPaths = (
			);
			runOnlyForDeploymentPostprocessing = 0;
			shellPath = /bin/sh;
			shellScript = "diff \"${PODS_ROOT}/../Podfile.lock\" \"${PODS_ROOT}/Manifest.lock\" > /dev/null\nif [[ $? != 0 ]] ; then\n    cat << EOM\nerror: The sandbox is not in sync with the Podfile.lock. Run 'pod install' or update your CocoaPods installation.\nEOM\n    exit 1\nfi\n";
			showEnvVarsInLog = 0;
		};
		BB3366CF391488675FED315D /* [CP] Embed Pods Frameworks */ = {
			isa = PBXShellScriptBuildPhase;
			buildActionMask = 2147483647;
			files = (
			);
			inputPaths = (
			);
			name = "[CP] Embed Pods Frameworks";
			outputPaths = (
			);
			runOnlyForDeploymentPostprocessing = 0;
			shellPath = /bin/sh;
			shellScript = "\"${SRCROOT}/Pods/Target Support Files/Pods-Restaurants/Pods-Restaurants-frameworks.sh\"\n";
			showEnvVarsInLog = 0;
		};
/* End PBXShellScriptBuildPhase section */

/* Begin PBXSourcesBuildPhase section */
		84BD74461D8CAE21003DCD17 /* Sources */ = {
			isa = PBXSourcesBuildPhase;
			buildActionMask = 2147483647;
			files = (
				84BD74691D8CB42F003DCD17 /* RowTableViewCell.swift in Sources */,
				84BD74501D8CAE21003DCD17 /* ViewController.swift in Sources */,
				84BD744E1D8CAE21003DCD17 /* AppDelegate.swift in Sources */,
				84BD74561D8CAE21003DCD17 /* Restaurants.xcdatamodeld in Sources */,
			);
			runOnlyForDeploymentPostprocessing = 0;
		};
/* End PBXSourcesBuildPhase section */

/* Begin PBXVariantGroup section */
		84BD74511D8CAE21003DCD17 /* Main.storyboard */ = {
			isa = PBXVariantGroup;
			children = (
				84BD74521D8CAE21003DCD17 /* Base */,
			);
			name = Main.storyboard;
			sourceTree = "<group>";
		};
		84BD74591D8CAE21003DCD17 /* LaunchScreen.storyboard */ = {
			isa = PBXVariantGroup;
			children = (
				84BD745A1D8CAE21003DCD17 /* Base */,
			);
			name = LaunchScreen.storyboard;
			sourceTree = "<group>";
		};
/* End PBXVariantGroup section */

/* Begin XCBuildConfiguration section */
		84BD745D1D8CAE21003DCD17 /* Debug */ = {
			isa = XCBuildConfiguration;
			buildSettings = {
				ALWAYS_SEARCH_USER_PATHS = NO;
				CLANG_ANALYZER_NONNULL = YES;
				CLANG_CXX_LANGUAGE_STANDARD = "gnu++0x";
				CLANG_CXX_LIBRARY = "libc++";
				CLANG_ENABLE_MODULES = YES;
				CLANG_ENABLE_OBJC_ARC = YES;
				CLANG_WARN_BOOL_CONVERSION = YES;
				CLANG_WARN_CONSTANT_CONVERSION = YES;
				CLANG_WARN_DIRECT_OBJC_ISA_USAGE = YES_ERROR;
				CLANG_WARN_EMPTY_BODY = YES;
				CLANG_WARN_ENUM_CONVERSION = YES;
				CLANG_WARN_INT_CONVERSION = YES;
				CLANG_WARN_OBJC_ROOT_CLASS = YES_ERROR;
				CLANG_WARN_UNREACHABLE_CODE = YES;
				CLANG_WARN__DUPLICATE_METHOD_MATCH = YES;
				"CODE_SIGN_IDENTITY[sdk=iphoneos*]" = "iPhone Developer";
				COPY_PHASE_STRIP = NO;
				DEBUG_INFORMATION_FORMAT = dwarf;
				ENABLE_STRICT_OBJC_MSGSEND = YES;
				ENABLE_TESTABILITY = YES;
				GCC_C_LANGUAGE_STANDARD = gnu99;
				GCC_DYNAMIC_NO_PIC = NO;
				GCC_NO_COMMON_BLOCKS = YES;
				GCC_OPTIMIZATION_LEVEL = 0;
				GCC_PREPROCESSOR_DEFINITIONS = (
					"DEBUG=1",
					"$(inherited)",
				);
				GCC_WARN_64_TO_32_BIT_CONVERSION = YES;
				GCC_WARN_ABOUT_RETURN_TYPE = YES_ERROR;
				GCC_WARN_UNDECLARED_SELECTOR = YES;
				GCC_WARN_UNINITIALIZED_AUTOS = YES_AGGRESSIVE;
				GCC_WARN_UNUSED_FUNCTION = YES;
				GCC_WARN_UNUSED_VARIABLE = YES;
				IPHONEOS_DEPLOYMENT_TARGET = 9.3;
				MTL_ENABLE_DEBUG_INFO = YES;
				ONLY_ACTIVE_ARCH = YES;
				SDKROOT = iphoneos;
				SWIFT_OPTIMIZATION_LEVEL = "-Onone";
				TARGETED_DEVICE_FAMILY = "1,2";
			};
			name = Debug;
		};
		84BD745E1D8CAE21003DCD17 /* Release */ = {
			isa = XCBuildConfiguration;
			buildSettings = {
				ALWAYS_SEARCH_USER_PATHS = NO;
				CLANG_ANALYZER_NONNULL = YES;
				CLANG_CXX_LANGUAGE_STANDARD = "gnu++0x";
				CLANG_CXX_LIBRARY = "libc++";
				CLANG_ENABLE_MODULES = YES;
				CLANG_ENABLE_OBJC_ARC = YES;
				CLANG_WARN_BOOL_CONVERSION = YES;
				CLANG_WARN_CONSTANT_CONVERSION = YES;
				CLANG_WARN_DIRECT_OBJC_ISA_USAGE = YES_ERROR;
				CLANG_WARN_EMPTY_BODY = YES;
				CLANG_WARN_ENUM_CONVERSION = YES;
				CLANG_WARN_INT_CONVERSION = YES;
				CLANG_WARN_OBJC_ROOT_CLASS = YES_ERROR;
				CLANG_WARN_UNREACHABLE_CODE = YES;
				CLANG_WARN__DUPLICATE_METHOD_MATCH = YES;
				"CODE_SIGN_IDENTITY[sdk=iphoneos*]" = "iPhone Developer";
				COPY_PHASE_STRIP = NO;
				DEBUG_INFORMATION_FORMAT = "dwarf-with-dsym";
				ENABLE_NS_ASSERTIONS = NO;
				ENABLE_STRICT_OBJC_MSGSEND = YES;
				GCC_C_LANGUAGE_STANDARD = gnu99;
				GCC_NO_COMMON_BLOCKS = YES;
				GCC_WARN_64_TO_32_BIT_CONVERSION = YES;
				GCC_WARN_ABOUT_RETURN_TYPE = YES_ERROR;
				GCC_WARN_UNDECLARED_SELECTOR = YES;
				GCC_WARN_UNINITIALIZED_AUTOS = YES_AGGRESSIVE;
				GCC_WARN_UNUSED_FUNCTION = YES;
				GCC_WARN_UNUSED_VARIABLE = YES;
				IPHONEOS_DEPLOYMENT_TARGET = 9.3;
				MTL_ENABLE_DEBUG_INFO = NO;
				SDKROOT = iphoneos;
				TARGETED_DEVICE_FAMILY = "1,2";
				VALIDATE_PRODUCT = YES;
			};
			name = Release;
		};
		84BD74601D8CAE21003DCD17 /* Debug */ = {
			isa = XCBuildConfiguration;
			baseConfigurationReference = E3C79BFDC74B26F1FA77F34A /* Pods-Restaurants.debug.xcconfig */;
			buildSettings = {
				ASSETCATALOG_COMPILER_APPICON_NAME = AppIcon;
				INFOPLIST_FILE = Restaurants/Info.plist;
				LD_RUNPATH_SEARCH_PATHS = "$(inherited) @executable_path/Frameworks";
				PRODUCT_BUNDLE_IDENTIFIER = co.edu.eafit.Restaurants;
				PRODUCT_NAME = "$(TARGET_NAME)";
			};
			name = Debug;
		};
		84BD74611D8CAE21003DCD17 /* Release */ = {
			isa = XCBuildConfiguration;
			baseConfigurationReference = 9A4549BC5204830E19E62370 /* Pods-Restaurants.release.xcconfig */;
			buildSettings = {
				ASSETCATALOG_COMPILER_APPICON_NAME = AppIcon;
				INFOPLIST_FILE = Restaurants/Info.plist;
				LD_RUNPATH_SEARCH_PATHS = "$(inherited) @executable_path/Frameworks";
				PRODUCT_BUNDLE_IDENTIFIER = co.edu.eafit.Restaurants;
				PRODUCT_NAME = "$(TARGET_NAME)";
			};
			name = Release;
		};
/* End XCBuildConfiguration section */

/* Begin XCConfigurationList section */
		84BD74451D8CAE21003DCD17 /* Build configuration list for PBXProject "Restaurants" */ = {
			isa = XCConfigurationList;
			buildConfigurations = (
				84BD745D1D8CAE21003DCD17 /* Debug */,
				84BD745E1D8CAE21003DCD17 /* Release */,
			);
			defaultConfigurationIsVisible = 0;
			defaultConfigurationName = Release;
		};
		84BD745F1D8CAE21003DCD17 /* Build configuration list for PBXNativeTarget "Restaurants" */ = {
			isa = XCConfigurationList;
			buildConfigurations = (
				84BD74601D8CAE21003DCD17 /* Debug */,
				84BD74611D8CAE21003DCD17 /* Release */,
			);
			defaultConfigurationIsVisible = 0;
			defaultConfigurationName = Release;
		};
/* End XCConfigurationList section */

/* Begin XCVersionGroup section */
		84BD74541D8CAE21003DCD17 /* Restaurants.xcdatamodeld */ = {
			isa = XCVersionGroup;
			children = (
				84BD74551D8CAE21003DCD17 /* Restaurants.xcdatamodel */,
			);
			currentVersion = 84BD74551D8CAE21003DCD17 /* Restaurants.xcdatamodel */;
			path = Restaurants.xcdatamodeld;
			sourceTree = "<group>";
			versionGroupType = wrapper.xcdatamodel;
		};
/* End XCVersionGroup section */
	};
	rootObject = 84BD74421D8CAE21003DCD17 /* Project object */;
}
